// !$*UTF8*$!
{
	archiveVersion = 1;
	classes = {
	};
	objectVersion = 56;
	objects = {

/* Begin PBXBuildFile section */
		652F0B6C2C5AB75200E40BFC /* HomeView.swift in Sources */ = {isa = PBXBuildFile; fileRef = 652F0B6B2C5AB75200E40BFC /* HomeView.swift */; };
		652F0B6E2C5AB79E00E40BFC /* HomePageView.swift in Sources */ = {isa = PBXBuildFile; fileRef = 652F0B6D2C5AB79E00E40BFC /* HomePageView.swift */; };
		652F0B702C5AB7D500E40BFC /* Onboarding.swift in Sources */ = {isa = PBXBuildFile; fileRef = 652F0B6F2C5AB7D500E40BFC /* Onboarding.swift */; };
		652F0B722C5AB7F700E40BFC /* MedicationView.swift in Sources */ = {isa = PBXBuildFile; fileRef = 652F0B712C5AB7F700E40BFC /* MedicationView.swift */; };
		652F0B742C5AB82D00E40BFC /* Appointments.swift in Sources */ = {isa = PBXBuildFile; fileRef = 652F0B732C5AB82D00E40BFC /* Appointments.swift */; };
		652F0BAF2C63FA7700E40BFC /* AllModels.swift in Sources */ = {isa = PBXBuildFile; fileRef = 652F0BAE2C63FA7700E40BFC /* AllModels.swift */; };
		65342FE42C5196270066175D /* HealthifyApp.swift in Sources */ = {isa = PBXBuildFile; fileRef = 65342FE32C5196270066175D /* HealthifyApp.swift */; };
		65342FE62C5196270066175D /* ContentView.swift in Sources */ = {isa = PBXBuildFile; fileRef = 65342FE52C5196270066175D /* ContentView.swift */; };
		65342FEA2C5196280066175D /* Assets.xcassets in Resources */ = {isa = PBXBuildFile; fileRef = 65342FE92C5196280066175D /* Assets.xcassets */; };
		65342FED2C5196280066175D /* Preview Assets.xcassets in Resources */ = {isa = PBXBuildFile; fileRef = 65342FEC2C5196280066175D /* Preview Assets.xcassets */; };
		65342FF72C5196280066175D /* HealthifyTests.swift in Sources */ = {isa = PBXBuildFile; fileRef = 65342FF62C5196280066175D /* HealthifyTests.swift */; };
		653430012C5196280066175D /* HealthifyUITests.swift in Sources */ = {isa = PBXBuildFile; fileRef = 653430002C5196280066175D /* HealthifyUITests.swift */; };
		653430032C5196280066175D /* HealthifyUITestsLaunchTests.swift in Sources */ = {isa = PBXBuildFile; fileRef = 653430022C5196280066175D /* HealthifyUITestsLaunchTests.swift */; };
		65DEB66B2CA9B2590067C430 /* TriageView.swift in Sources */ = {isa = PBXBuildFile; fileRef = 65DEB66A2CA9B2590067C430 /* TriageView.swift */; };
		65DEB66E2CB177730067C430 /* TriageViewModel.swift in Sources */ = {isa = PBXBuildFile; fileRef = 65DEB66D2CB177730067C430 /* TriageViewModel.swift */; };
/* End PBXBuildFile section */

/* Begin PBXContainerItemProxy section */
		65342FF32C5196280066175D /* PBXContainerItemProxy */ = {
			isa = PBXContainerItemProxy;
			containerPortal = 65342FD82C5196270066175D /* Project object */;
			proxyType = 1;
			remoteGlobalIDString = 65342FDF2C5196270066175D;
			remoteInfo = Healthify;
		};
		65342FFD2C5196280066175D /* PBXContainerItemProxy */ = {
			isa = PBXContainerItemProxy;
			containerPortal = 65342FD82C5196270066175D /* Project object */;
			proxyType = 1;
			remoteGlobalIDString = 65342FDF2C5196270066175D;
			remoteInfo = Healthify;
		};
/* End PBXContainerItemProxy section */

/* Begin PBXFileReference section */
		652F0B6B2C5AB75200E40BFC /* HomeView.swift */ = {isa = PBXFileReference; lastKnownFileType = sourcecode.swift; path = HomeView.swift; sourceTree = "<group>"; };
		652F0B6D2C5AB79E00E40BFC /* HomePageView.swift */ = {isa = PBXFileReference; lastKnownFileType = sourcecode.swift; path = HomePageView.swift; sourceTree = "<group>"; };
		652F0B6F2C5AB7D500E40BFC /* Onboarding.swift */ = {isa = PBXFileReference; lastKnownFileType = sourcecode.swift; path = Onboarding.swift; sourceTree = "<group>"; };
		652F0B712C5AB7F700E40BFC /* MedicationView.swift */ = {isa = PBXFileReference; lastKnownFileType = sourcecode.swift; path = MedicationView.swift; sourceTree = "<group>"; };
		652F0B732C5AB82D00E40BFC /* Appointments.swift */ = {isa = PBXFileReference; lastKnownFileType = sourcecode.swift; path = Appointments.swift; sourceTree = "<group>"; };
		652F0BAE2C63FA7700E40BFC /* AllModels.swift */ = {isa = PBXFileReference; lastKnownFileType = sourcecode.swift; path = AllModels.swift; sourceTree = "<group>"; };
		65342FE02C5196270066175D /* Healthify.app */ = {isa = PBXFileReference; explicitFileType = wrapper.application; includeInIndex = 0; path = Healthify.app; sourceTree = BUILT_PRODUCTS_DIR; };
		65342FE32C5196270066175D /* HealthifyApp.swift */ = {isa = PBXFileReference; lastKnownFileType = sourcecode.swift; path = HealthifyApp.swift; sourceTree = "<group>"; };
		65342FE52C5196270066175D /* ContentView.swift */ = {isa = PBXFileReference; lastKnownFileType = sourcecode.swift; path = ContentView.swift; sourceTree = "<group>"; };
		65342FE92C5196280066175D /* Assets.xcassets */ = {isa = PBXFileReference; lastKnownFileType = folder.assetcatalog; path = Assets.xcassets; sourceTree = "<group>"; };
		65342FEC2C5196280066175D /* Preview Assets.xcassets */ = {isa = PBXFileReference; lastKnownFileType = folder.assetcatalog; path = "Preview Assets.xcassets"; sourceTree = "<group>"; };
		65342FF22C5196280066175D /* HealthifyTests.xctest */ = {isa = PBXFileReference; explicitFileType = wrapper.cfbundle; includeInIndex = 0; path = HealthifyTests.xctest; sourceTree = BUILT_PRODUCTS_DIR; };
		65342FF62C5196280066175D /* HealthifyTests.swift */ = {isa = PBXFileReference; lastKnownFileType = sourcecode.swift; path = HealthifyTests.swift; sourceTree = "<group>"; };
		65342FFC2C5196280066175D /* HealthifyUITests.xctest */ = {isa = PBXFileReference; explicitFileType = wrapper.cfbundle; includeInIndex = 0; path = HealthifyUITests.xctest; sourceTree = BUILT_PRODUCTS_DIR; };
		653430002C5196280066175D /* HealthifyUITests.swift */ = {isa = PBXFileReference; lastKnownFileType = sourcecode.swift; path = HealthifyUITests.swift; sourceTree = "<group>"; };
		653430022C5196280066175D /* HealthifyUITestsLaunchTests.swift */ = {isa = PBXFileReference; lastKnownFileType = sourcecode.swift; path = HealthifyUITestsLaunchTests.swift; sourceTree = "<group>"; };
		65DEB66A2CA9B2590067C430 /* TriageView.swift */ = {isa = PBXFileReference; lastKnownFileType = sourcecode.swift; path = TriageView.swift; sourceTree = "<group>"; };
		65DEB66D2CB177730067C430 /* TriageViewModel.swift */ = {isa = PBXFileReference; lastKnownFileType = sourcecode.swift; path = TriageViewModel.swift; sourceTree = "<group>"; };
/* End PBXFileReference section */

/* Begin PBXFrameworksBuildPhase section */
		65342FDD2C5196270066175D /* Frameworks */ = {
			isa = PBXFrameworksBuildPhase;
			buildActionMask = 2147483647;
			files = (
			);
			runOnlyForDeploymentPostprocessing = 0;
		};
		65342FEF2C5196280066175D /* Frameworks */ = {
			isa = PBXFrameworksBuildPhase;
			buildActionMask = 2147483647;
			files = (
			);
			runOnlyForDeploymentPostprocessing = 0;
		};
		65342FF92C5196280066175D /* Frameworks */ = {
			isa = PBXFrameworksBuildPhase;
			buildActionMask = 2147483647;
			files = (
			);
			runOnlyForDeploymentPostprocessing = 0;
		};
/* End PBXFrameworksBuildPhase section */

/* Begin PBXGroup section */
		652F0BAD2C63FA5E00E40BFC /* Models */ = {
			isa = PBXGroup;
			children = (
				652F0BAE2C63FA7700E40BFC /* AllModels.swift */,
			);
			path = Models;
			sourceTree = "<group>";
		};
		65342FD72C5196270066175D = {
			isa = PBXGroup;
			children = (
				65342FE22C5196270066175D /* Healthify */,
				65342FF52C5196280066175D /* HealthifyTests */,
				65342FFF2C5196280066175D /* HealthifyUITests */,
				65342FE12C5196270066175D /* Products */,
			);
			sourceTree = "<group>";
		};
		65342FE12C5196270066175D /* Products */ = {
			isa = PBXGroup;
			children = (
				65342FE02C5196270066175D /* Healthify.app */,
				65342FF22C5196280066175D /* HealthifyTests.xctest */,
				65342FFC2C5196280066175D /* HealthifyUITests.xctest */,
			);
			name = Products;
			sourceTree = "<group>";
		};
		65342FE22C5196270066175D /* Healthify */ = {
			isa = PBXGroup;
			children = (
				65DEB66C2CB1774C0067C430 /* ViewModels */,
				652F0BAD2C63FA5E00E40BFC /* Models */,
				65342FE32C5196270066175D /* HealthifyApp.swift */,
				65342FE52C5196270066175D /* ContentView.swift */,
				652F0B6B2C5AB75200E40BFC /* HomeView.swift */,
				652F0B6D2C5AB79E00E40BFC /* HomePageView.swift */,
				652F0B6F2C5AB7D500E40BFC /* Onboarding.swift */,
				652F0B712C5AB7F700E40BFC /* MedicationView.swift */,
				652F0B732C5AB82D00E40BFC /* Appointments.swift */,
				65DEB66A2CA9B2590067C430 /* TriageView.swift */,
				65342FE92C5196280066175D /* Assets.xcassets */,
				65342FEB2C5196280066175D /* Preview Content */,
			);
			path = Healthify;
			sourceTree = "<group>";
		};
		65342FEB2C5196280066175D /* Preview Content */ = {
			isa = PBXGroup;
			children = (
				65342FEC2C5196280066175D /* Preview Assets.xcassets */,
			);
			path = "Preview Content";
			sourceTree = "<group>";
		};
		65342FF52C5196280066175D /* HealthifyTests */ = {
			isa = PBXGroup;
			children = (
				65342FF62C5196280066175D /* HealthifyTests.swift */,
			);
			path = HealthifyTests;
			sourceTree = "<group>";
		};
		65342FFF2C5196280066175D /* HealthifyUITests */ = {
			isa = PBXGroup;
			children = (
				653430002C5196280066175D /* HealthifyUITests.swift */,
				653430022C5196280066175D /* HealthifyUITestsLaunchTests.swift */,
			);
			path = HealthifyUITests;
			sourceTree = "<group>";
		};
		65DEB66C2CB1774C0067C430 /* ViewModels */ = {
			isa = PBXGroup;
			children = (
				65DEB66D2CB177730067C430 /* TriageViewModel.swift */,
			);
			path = ViewModels;
			sourceTree = "<group>";
		};
/* End PBXGroup section */

/* Begin PBXNativeTarget section */
		65342FDF2C5196270066175D /* Healthify */ = {
			isa = PBXNativeTarget;
			buildConfigurationList = 653430062C5196280066175D /* Build configuration list for PBXNativeTarget "Healthify" */;
			buildPhases = (
				65342FDC2C5196270066175D /* Sources */,
				65342FDD2C5196270066175D /* Frameworks */,
				65342FDE2C5196270066175D /* Resources */,
			);
			buildRules = (
			);
			dependencies = (
			);
			name = Healthify;
			productName = Healthify;
			productReference = 65342FE02C5196270066175D /* Healthify.app */;
			productType = "com.apple.product-type.application";
		};
		65342FF12C5196280066175D /* HealthifyTests */ = {
			isa = PBXNativeTarget;
			buildConfigurationList = 653430092C5196280066175D /* Build configuration list for PBXNativeTarget "HealthifyTests" */;
			buildPhases = (
				65342FEE2C5196280066175D /* Sources */,
				65342FEF2C5196280066175D /* Frameworks */,
				65342FF02C5196280066175D /* Resources */,
			);
			buildRules = (
			);
			dependencies = (
				65342FF42C5196280066175D /* PBXTargetDependency */,
			);
			name = HealthifyTests;
			productName = HealthifyTests;
			productReference = 65342FF22C5196280066175D /* HealthifyTests.xctest */;
			productType = "com.apple.product-type.bundle.unit-test";
		};
		65342FFB2C5196280066175D /* HealthifyUITests */ = {
			isa = PBXNativeTarget;
			buildConfigurationList = 6534300C2C5196280066175D /* Build configuration list for PBXNativeTarget "HealthifyUITests" */;
			buildPhases = (
				65342FF82C5196280066175D /* Sources */,
				65342FF92C5196280066175D /* Frameworks */,
				65342FFA2C5196280066175D /* Resources */,
			);
			buildRules = (
			);
			dependencies = (
				65342FFE2C5196280066175D /* PBXTargetDependency */,
			);
			name = HealthifyUITests;
			productName = HealthifyUITests;
			productReference = 65342FFC2C5196280066175D /* HealthifyUITests.xctest */;
			productType = "com.apple.product-type.bundle.ui-testing";
		};
/* End PBXNativeTarget section */

/* Begin PBXProject section */
		65342FD82C5196270066175D /* Project object */ = {
			isa = PBXProject;
			attributes = {
				BuildIndependentTargetsInParallel = 1;
				LastSwiftUpdateCheck = 1540;
				LastUpgradeCheck = 1540;
				TargetAttributes = {
					65342FDF2C5196270066175D = {
						CreatedOnToolsVersion = 15.4;
					};
					65342FF12C5196280066175D = {
						CreatedOnToolsVersion = 15.4;
						TestTargetID = 65342FDF2C5196270066175D;
					};
					65342FFB2C5196280066175D = {
						CreatedOnToolsVersion = 15.4;
						TestTargetID = 65342FDF2C5196270066175D;
					};
				};
			};
			buildConfigurationList = 65342FDB2C5196270066175D /* Build configuration list for PBXProject "Healthify" */;
			compatibilityVersion = "Xcode 14.0";
			developmentRegion = en;
			hasScannedForEncodings = 0;
			knownRegions = (
				en,
				Base,
			);
			mainGroup = 65342FD72C5196270066175D;
			productRefGroup = 65342FE12C5196270066175D /* Products */;
			projectDirPath = "";
			projectRoot = "";
			targets = (
				65342FDF2C5196270066175D /* Healthify */,
				65342FF12C5196280066175D /* HealthifyTests */,
				65342FFB2C5196280066175D /* HealthifyUITests */,
			);
		};
/* End PBXProject section */

/* Begin PBXResourcesBuildPhase section */
		65342FDE2C5196270066175D /* Resources */ = {
			isa = PBXResourcesBuildPhase;
			buildActionMask = 2147483647;
			files = (
				65342FED2C5196280066175D /* Preview Assets.xcassets in Resources */,
				65342FEA2C5196280066175D /* Assets.xcassets in Resources */,
			);
			runOnlyForDeploymentPostprocessing = 0;
		};
		65342FF02C5196280066175D /* Resources */ = {
			isa = PBXResourcesBuildPhase;
			buildActionMask = 2147483647;
			files = (
			);
			runOnlyForDeploymentPostprocessing = 0;
		};
		65342FFA2C5196280066175D /* Resources */ = {
			isa = PBXResourcesBuildPhase;
			buildActionMask = 2147483647;
			files = (
			);
			runOnlyForDeploymentPostprocessing = 0;
		};
/* End PBXResourcesBuildPhase section */

/* Begin PBXSourcesBuildPhase section */
		65342FDC2C5196270066175D /* Sources */ = {
			isa = PBXSourcesBuildPhase;
			buildActionMask = 2147483647;
			files = (
				65342FE62C5196270066175D /* ContentView.swift in Sources */,
				652F0B722C5AB7F700E40BFC /* MedicationView.swift in Sources */,
				652F0B6C2C5AB75200E40BFC /* HomeView.swift in Sources */,
				652F0B702C5AB7D500E40BFC /* Onboarding.swift in Sources */,
				65342FE42C5196270066175D /* HealthifyApp.swift in Sources */,
				652F0B6E2C5AB79E00E40BFC /* HomePageView.swift in Sources */,
				65DEB66E2CB177730067C430 /* TriageViewModel.swift in Sources */,
				65DEB66B2CA9B2590067C430 /* TriageView.swift in Sources */,
				652F0B742C5AB82D00E40BFC /* Appointments.swift in Sources */,
				652F0BAF2C63FA7700E40BFC /* AllModels.swift in Sources */,
			);
			runOnlyForDeploymentPostprocessing = 0;
		};
		65342FEE2C5196280066175D /* Sources */ = {
			isa = PBXSourcesBuildPhase;
			buildActionMask = 2147483647;
			files = (
				65342FF72C5196280066175D /* HealthifyTests.swift in Sources */,
			);
			runOnlyForDeploymentPostprocessing = 0;
		};
		65342FF82C5196280066175D /* Sources */ = {
			isa = PBXSourcesBuildPhase;
			buildActionMask = 2147483647;
			files = (
				653430012C5196280066175D /* HealthifyUITests.swift in Sources */,
				653430032C5196280066175D /* HealthifyUITestsLaunchTests.swift in Sources */,
			);
			runOnlyForDeploymentPostprocessing = 0;
		};
/* End PBXSourcesBuildPhase section */

/* Begin PBXTargetDependency section */
		65342FF42C5196280066175D /* PBXTargetDependency */ = {
			isa = PBXTargetDependency;
			target = 65342FDF2C5196270066175D /* Healthify */;
			targetProxy = 65342FF32C5196280066175D /* PBXContainerItemProxy */;
		};
		65342FFE2C5196280066175D /* PBXTargetDependency */ = {
			isa = PBXTargetDependency;
			target = 65342FDF2C5196270066175D /* Healthify */;
			targetProxy = 65342FFD2C5196280066175D /* PBXContainerItemProxy */;
		};
/* End PBXTargetDependency section */

/* Begin XCBuildConfiguration section */
		653430042C5196280066175D /* Debug */ = {
			isa = XCBuildConfiguration;
			buildSettings = {
				ALWAYS_SEARCH_USER_PATHS = NO;
				ASSETCATALOG_COMPILER_GENERATE_SWIFT_ASSET_SYMBOL_EXTENSIONS = YES;
				CLANG_ANALYZER_NONNULL = YES;
				CLANG_ANALYZER_NUMBER_OBJECT_CONVERSION = YES_AGGRESSIVE;
				CLANG_CXX_LANGUAGE_STANDARD = "gnu++20";
				CLANG_ENABLE_MODULES = YES;
				CLANG_ENABLE_OBJC_ARC = YES;
				CLANG_ENABLE_OBJC_WEAK = YES;
				CLANG_WARN_BLOCK_CAPTURE_AUTORELEASING = YES;
				CLANG_WARN_BOOL_CONVERSION = YES;
				CLANG_WARN_COMMA = YES;
				CLANG_WARN_CONSTANT_CONVERSION = YES;
				CLANG_WARN_DEPRECATED_OBJC_IMPLEMENTATIONS = YES;
				CLANG_WARN_DIRECT_OBJC_ISA_USAGE = YES_ERROR;
				CLANG_WARN_DOCUMENTATION_COMMENTS = YES;
				CLANG_WARN_EMPTY_BODY = YES;
				CLANG_WARN_ENUM_CONVERSION = YES;
				CLANG_WARN_INFINITE_RECURSION = YES;
				CLANG_WARN_INT_CONVERSION = YES;
				CLANG_WARN_NON_LITERAL_NULL_CONVERSION = YES;
				CLANG_WARN_OBJC_IMPLICIT_RETAIN_SELF = YES;
				CLANG_WARN_OBJC_LITERAL_CONVERSION = YES;
				CLANG_WARN_OBJC_ROOT_CLASS = YES_ERROR;
				CLANG_WARN_QUOTED_INCLUDE_IN_FRAMEWORK_HEADER = YES;
				CLANG_WARN_RANGE_LOOP_ANALYSIS = YES;
				CLANG_WARN_STRICT_PROTOTYPES = YES;
				CLANG_WARN_SUSPICIOUS_MOVE = YES;
				CLANG_WARN_UNGUARDED_AVAILABILITY = YES_AGGRESSIVE;
				CLANG_WARN_UNREACHABLE_CODE = YES;
				CLANG_WARN__DUPLICATE_METHOD_MATCH = YES;
				COPY_PHASE_STRIP = NO;
				DEBUG_INFORMATION_FORMAT = dwarf;
				ENABLE_STRICT_OBJC_MSGSEND = YES;
				ENABLE_TESTABILITY = YES;
				ENABLE_USER_SCRIPT_SANDBOXING = YES;
				GCC_C_LANGUAGE_STANDARD = gnu17;
				GCC_DYNAMIC_NO_PIC = NO;
				GCC_NO_COMMON_BLOCKS = YES;
				GCC_OPTIMIZATION_LEVEL = 0;
				GCC_PREPROCESSOR_DEFINITIONS = (
					"DEBUG=1",
					"$(inherited)",
				);
				GCC_WARN_64_TO_32_BIT_CONVERSION = YES;
				GCC_WARN_ABOUT_RETURN_TYPE = YES_ERROR;
				GCC_WARN_UNDECLARED_SELECTOR = YES;
				GCC_WARN_UNINITIALIZED_AUTOS = YES_AGGRESSIVE;
				GCC_WARN_UNUSED_FUNCTION = YES;
				GCC_WARN_UNUSED_VARIABLE = YES;
				IPHONEOS_DEPLOYMENT_TARGET = 17.5;
				LOCALIZATION_PREFERS_STRING_CATALOGS = YES;
				MTL_ENABLE_DEBUG_INFO = INCLUDE_SOURCE;
				MTL_FAST_MATH = YES;
				ONLY_ACTIVE_ARCH = YES;
				SDKROOT = iphoneos;
				SWIFT_ACTIVE_COMPILATION_CONDITIONS = "DEBUG $(inherited)";
				SWIFT_OPTIMIZATION_LEVEL = "-Onone";
			};
			name = Debug;
		};
		653430052C5196280066175D /* Release */ = {
			isa = XCBuildConfiguration;
			buildSettings = {
				ALWAYS_SEARCH_USER_PATHS = NO;
				ASSETCATALOG_COMPILER_GENERATE_SWIFT_ASSET_SYMBOL_EXTENSIONS = YES;
				CLANG_ANALYZER_NONNULL = YES;
				CLANG_ANALYZER_NUMBER_OBJECT_CONVERSION = YES_AGGRESSIVE;
				CLANG_CXX_LANGUAGE_STANDARD = "gnu++20";
				CLANG_ENABLE_MODULES = YES;
				CLANG_ENABLE_OBJC_ARC = YES;
				CLANG_ENABLE_OBJC_WEAK = YES;
				CLANG_WARN_BLOCK_CAPTURE_AUTORELEASING = YES;
				CLANG_WARN_BOOL_CONVERSION = YES;
				CLANG_WARN_COMMA = YES;
				CLANG_WARN_CONSTANT_CONVERSION = YES;
				CLANG_WARN_DEPRECATED_OBJC_IMPLEMENTATIONS = YES;
				CLANG_WARN_DIRECT_OBJC_ISA_USAGE = YES_ERROR;
				CLANG_WARN_DOCUMENTATION_COMMENTS = YES;
				CLANG_WARN_EMPTY_BODY = YES;
				CLANG_WARN_ENUM_CONVERSION = YES;
				CLANG_WARN_INFINITE_RECURSION = YES;
				CLANG_WARN_INT_CONVERSION = YES;
				CLANG_WARN_NON_LITERAL_NULL_CONVERSION = YES;
				CLANG_WARN_OBJC_IMPLICIT_RETAIN_SELF = YES;
				CLANG_WARN_OBJC_LITERAL_CONVERSION = YES;
				CLANG_WARN_OBJC_ROOT_CLASS = YES_ERROR;
				CLANG_WARN_QUOTED_INCLUDE_IN_FRAMEWORK_HEADER = YES;
				CLANG_WARN_RANGE_LOOP_ANALYSIS = YES;
				CLANG_WARN_STRICT_PROTOTYPES = YES;
				CLANG_WARN_SUSPICIOUS_MOVE = YES;
				CLANG_WARN_UNGUARDED_AVAILABILITY = YES_AGGRESSIVE;
				CLANG_WARN_UNREACHABLE_CODE = YES;
				CLANG_WARN__DUPLICATE_METHOD_MATCH = YES;
				COPY_PHASE_STRIP = NO;
				DEBUG_INFORMATION_FORMAT = "dwarf-with-dsym";
				ENABLE_NS_ASSERTIONS = NO;
				ENABLE_STRICT_OBJC_MSGSEND = YES;
				ENABLE_USER_SCRIPT_SANDBOXING = YES;
				GCC_C_LANGUAGE_STANDARD = gnu17;
				GCC_NO_COMMON_BLOCKS = YES;
				GCC_WARN_64_TO_32_BIT_CONVERSION = YES;
				GCC_WARN_ABOUT_RETURN_TYPE = YES_ERROR;
				GCC_WARN_UNDECLARED_SELECTOR = YES;
				GCC_WARN_UNINITIALIZED_AUTOS = YES_AGGRESSIVE;
				GCC_WARN_UNUSED_FUNCTION = YES;
				GCC_WARN_UNUSED_VARIABLE = YES;
				IPHONEOS_DEPLOYMENT_TARGET = 17.5;
				LOCALIZATION_PREFERS_STRING_CATALOGS = YES;
				MTL_ENABLE_DEBUG_INFO = NO;
				MTL_FAST_MATH = YES;
				SDKROOT = iphoneos;
				SWIFT_COMPILATION_MODE = wholemodule;
				VALIDATE_PRODUCT = YES;
			};
			name = Release;
		};
		653430072C5196280066175D /* Debug */ = {
			isa = XCBuildConfiguration;
			buildSettings = {
				ASSETCATALOG_COMPILER_APPICON_NAME = AppIcon;
				ASSETCATALOG_COMPILER_GLOBAL_ACCENT_COLOR_NAME = AccentColor;
				CODE_SIGN_STYLE = Automatic;
				CURRENT_PROJECT_VERSION = 1;
				DEVELOPMENT_ASSET_PATHS = "\"Healthify/Preview Content\"";
				ENABLE_PREVIEWS = YES;
				GENERATE_INFOPLIST_FILE = YES;
				INFOPLIST_KEY_UIApplicationSceneManifest_Generation = YES;
				INFOPLIST_KEY_UIApplicationSupportsIndirectInputEvents = YES;
				INFOPLIST_KEY_UILaunchScreen_Generation = YES;
				INFOPLIST_KEY_UISupportedInterfaceOrientations_iPad = "UIInterfaceOrientationPortrait UIInterfaceOrientationPortraitUpsideDown UIInterfaceOrientationLandscapeLeft UIInterfaceOrientationLandscapeRight";
				INFOPLIST_KEY_UISupportedInterfaceOrientations_iPhone = "UIInterfaceOrientationPortrait UIInterfaceOrientationLandscapeLeft UIInterfaceOrientationLandscapeRight";
				LD_RUNPATH_SEARCH_PATHS = (
					"$(inherited)",
					"@executable_path/Frameworks",
				);
				MARKETING_VERSION = 1.0;
				PRODUCT_BUNDLE_IDENTIFIER = com.BGCH.Healthify;
				PRODUCT_NAME = "$(TARGET_NAME)";
				SWIFT_EMIT_LOC_STRINGS = YES;
				SWIFT_VERSION = 5.0;
				TARGETED_DEVICE_FAMILY = "1,2";
			};
			name = Debug;
		};
		653430082C5196280066175D /* Release */ = {
			isa = XCBuildConfiguration;
			buildSettings = {
				ASSETCATALOG_COMPILER_APPICON_NAME = AppIcon;
				ASSETCATALOG_COMPILER_GLOBAL_ACCENT_COLOR_NAME = AccentColor;
				CODE_SIGN_STYLE = Automatic;
				CURRENT_PROJECT_VERSION = 1;
				DEVELOPMENT_ASSET_PATHS = "\"Healthify/Preview Content\"";
				ENABLE_PREVIEWS = YES;
				GENERATE_INFOPLIST_FILE = YES;
				INFOPLIST_KEY_UIApplicationSceneManifest_Generation = YES;
				INFOPLIST_KEY_UIApplicationSupportsIndirectInputEvents = YES;
				INFOPLIST_KEY_UILaunchScreen_Generation = YES;
				INFOPLIST_KEY_UISupportedInterfaceOrientations_iPad = "UIInterfaceOrientationPortrait UIInterfaceOrientationPortraitUpsideDown UIInterfaceOrientationLandscapeLeft UIInterfaceOrientationLandscapeRight";
				INFOPLIST_KEY_UISupportedInterfaceOrientations_iPhone = "UIInterfaceOrientationPortrait UIInterfaceOrientationLandscapeLeft UIInterfaceOrientationLandscapeRight";
				LD_RUNPATH_SEARCH_PATHS = (
					"$(inherited)",
					"@executable_path/Frameworks",
				);
				MARKETING_VERSION = 1.0;
				PRODUCT_BUNDLE_IDENTIFIER = com.BGCH.Healthify;
				PRODUCT_NAME = "$(TARGET_NAME)";
				SWIFT_EMIT_LOC_STRINGS = YES;
				SWIFT_VERSION = 5.0;
				TARGETED_DEVICE_FAMILY = "1,2";
			};
			name = Release;
		};
		6534300A2C5196280066175D /* Debug */ = {
			isa = XCBuildConfiguration;
			buildSettings = {
				ALWAYS_EMBED_SWIFT_STANDARD_LIBRARIES = YES;
				BUNDLE_LOADER = "$(TEST_HOST)";
				CODE_SIGN_STYLE = Automatic;
				CURRENT_PROJECT_VERSION = 1;
				GENERATE_INFOPLIST_FILE = YES;
				IPHONEOS_DEPLOYMENT_TARGET = 17.5;
				MARKETING_VERSION = 1.0;
				PRODUCT_BUNDLE_IDENTIFIER = com.BGCH.HealthifyTests;
				PRODUCT_NAME = "$(TARGET_NAME)";
				SWIFT_EMIT_LOC_STRINGS = NO;
				SWIFT_VERSION = 5.0;
				TARGETED_DEVICE_FAMILY = "1,2";
				TEST_HOST = "$(BUILT_PRODUCTS_DIR)/Healthify.app/$(BUNDLE_EXECUTABLE_FOLDER_PATH)/Healthify";
			};
			name = Debug;
		};
		6534300B2C5196280066175D /* Release */ = {
			isa = XCBuildConfiguration;
			buildSettings = {
				ALWAYS_EMBED_SWIFT_STANDARD_LIBRARIES = YES;
				BUNDLE_LOADER = "$(TEST_HOST)";
				CODE_SIGN_STYLE = Automatic;
				CURRENT_PROJECT_VERSION = 1;
				GENERATE_INFOPLIST_FILE = YES;
				IPHONEOS_DEPLOYMENT_TARGET = 17.5;
				MARKETING_VERSION = 1.0;
				PRODUCT_BUNDLE_IDENTIFIER = com.BGCH.HealthifyTests;
				PRODUCT_NAME = "$(TARGET_NAME)";
				SWIFT_EMIT_LOC_STRINGS = NO;
				SWIFT_VERSION = 5.0;
				TARGETED_DEVICE_FAMILY = "1,2";
				TEST_HOST = "$(BUILT_PRODUCTS_DIR)/Healthify.app/$(BUNDLE_EXECUTABLE_FOLDER_PATH)/Healthify";
			};
			name = Release;
		};
		6534300D2C5196280066175D /* Debug */ = {
			isa = XCBuildConfiguration;
			buildSettings = {
				ALWAYS_EMBED_SWIFT_STANDARD_LIBRARIES = YES;
				CODE_SIGN_STYLE = Automatic;
				CURRENT_PROJECT_VERSION = 1;
				GENERATE_INFOPLIST_FILE = YES;
				MARKETING_VERSION = 1.0;
				PRODUCT_BUNDLE_IDENTIFIER = com.BGCH.HealthifyUITests;
				PRODUCT_NAME = "$(TARGET_NAME)";
				SWIFT_EMIT_LOC_STRINGS = NO;
				SWIFT_VERSION = 5.0;
				TARGETED_DEVICE_FAMILY = "1,2";
				TEST_TARGET_NAME = Healthify;
			};
			name = Debug;
		};
		6534300E2C5196280066175D /* Release */ = {
			isa = XCBuildConfiguration;
			buildSettings = {
				ALWAYS_EMBED_SWIFT_STANDARD_LIBRARIES = YES;
				CODE_SIGN_STYLE = Automatic;
				CURRENT_PROJECT_VERSION = 1;
				GENERATE_INFOPLIST_FILE = YES;
				MARKETING_VERSION = 1.0;
				PRODUCT_BUNDLE_IDENTIFIER = com.BGCH.HealthifyUITests;
				PRODUCT_NAME = "$(TARGET_NAME)";
				SWIFT_EMIT_LOC_STRINGS = NO;
				SWIFT_VERSION = 5.0;
				TARGETED_DEVICE_FAMILY = "1,2";
				TEST_TARGET_NAME = Healthify;
			};
			name = Release;
		};
/* End XCBuildConfiguration section */

/* Begin XCConfigurationList section */
		65342FDB2C5196270066175D /* Build configuration list for PBXProject "Healthify" */ = {
			isa = XCConfigurationList;
			buildConfigurations = (
				653430042C5196280066175D /* Debug */,
				653430052C5196280066175D /* Release */,
			);
			defaultConfigurationIsVisible = 0;
			defaultConfigurationName = Release;
		};
		653430062C5196280066175D /* Build configuration list for PBXNativeTarget "Healthify" */ = {
			isa = XCConfigurationList;
			buildConfigurations = (
				653430072C5196280066175D /* Debug */,
				653430082C5196280066175D /* Release */,
			);
			defaultConfigurationIsVisible = 0;
			defaultConfigurationName = Release;
		};
		653430092C5196280066175D /* Build configuration list for PBXNativeTarget "HealthifyTests" */ = {
			isa = XCConfigurationList;
			buildConfigurations = (
				6534300A2C5196280066175D /* Debug */,
				6534300B2C5196280066175D /* Release */,
			);
			defaultConfigurationIsVisible = 0;
			defaultConfigurationName = Release;
		};
		6534300C2C5196280066175D /* Build configuration list for PBXNativeTarget "HealthifyUITests" */ = {
			isa = XCConfigurationList;
			buildConfigurations = (
				6534300D2C5196280066175D /* Debug */,
				6534300E2C5196280066175D /* Release */,
			);
			defaultConfigurationIsVisible = 0;
			defaultConfigurationName = Release;
		};
/* End XCConfigurationList section */
	};
	rootObject = 65342FD82C5196270066175D /* Project object */;
}
